lockfileVersion: '9.0'

settings:
  autoInstallPeers: true
  excludeLinksFromLockfile: false

importers:

  .:
    devDependencies:
      '@headlessui/react':
        specifier: ^2.2.7
        version: 2.2.7(react-dom@19.1.1(react@19.1.1))(react@19.1.1)
      autoprefixer:
        specifier: ^10.4.21
        version: 10.4.21(postcss@8.5.6)
      clsx:
        specifier: ^2.1.1
        version: 2.1.1
      postcss:
        specifier: ^8.5.6
        version: 8.5.6
      tailwindcss:
        specifier: ^4.1.12
        version: 4.1.12

packages:

  '@floating-ui/core@1.7.3':
    resolution: {integrity: sha512-sGnvb5dmrJaKEZ+LDIpguvdX3bDlEllmv4/ClQ9awcmCZrlx5jQyyMWFM5kBI+EyNOCDDiKk8il0zeuX3Zlg/w==}

  '@floating-ui/dom@1.7.3':
    resolution: {integrity: sha512-uZA413QEpNuhtb3/iIKoYMSK07keHPYeXF02Zhd6e213j+d1NamLix/mCLxBUDW/Gx52sPH2m+chlUsyaBs/Ag==}

  '@floating-ui/react-dom@2.1.5':
    resolution: {integrity: sha512-HDO/1/1oH9fjj4eLgegrlH3dklZpHtUYYFiVwMUwfGvk9jWDRWqkklA2/NFScknrcNSspbV868WjXORvreDX+Q==}
    peerDependencies:
      react: '>=16.8.0'
      react-dom: '>=16.8.0'

  '@floating-ui/react@0.26.28':
    resolution: {integrity: sha512-yORQuuAtVpiRjpMhdc0wJj06b9JFjrYF4qp96j++v2NBpbi6SEGF7donUJ3TMieerQ6qVkAv1tgr7L4r5roTqw==}
    peerDependencies:
      react: '>=16.8.0'
      react-dom: '>=16.8.0'

  '@floating-ui/utils@0.2.10':
    resolution: {integrity: sha512-aGTxbpbg8/b5JfU1HXSrbH3wXZuLPJcNEcZQFMxLs3oSzgtVu6nFPkbbGGUvBcUjKV2YyB9Wxxabo+HEH9tcRQ==}

  '@headlessui/react@2.2.7':
    resolution: {integrity: sha512-WKdTymY8Y49H8/gUc/lIyYK1M+/6dq0Iywh4zTZVAaiTDprRfioxSgD0wnXTQTBpjpGJuTL1NO/mqEvc//5SSg==}
    engines: {node: '>=10'}
    peerDependencies:
      react: ^18 || ^19 || ^19.0.0-rc
      react-dom: ^18 || ^19 || ^19.0.0-rc

  '@react-aria/focus@3.21.0':
    resolution: {integrity: sha512-7NEGtTPsBy52EZ/ToVKCu0HSelE3kq9qeis+2eEq90XSuJOMaDHUQrA7RC2Y89tlEwQB31bud/kKRi9Qme1dkA==}
    peerDependencies:
      react: ^16.8.0 || ^17.0.0-rc.1 || ^18.0.0 || ^19.0.0-rc.1
      react-dom: ^16.8.0 || ^17.0.0-rc.1 || ^18.0.0 || ^19.0.0-rc.1

  '@react-aria/interactions@3.25.4':
    resolution: {integrity: sha512-HBQMxgUPHrW8V63u9uGgBymkMfj6vdWbB0GgUJY49K9mBKMsypcHeWkWM6+bF7kxRO728/IK8bWDV6whDbqjHg==}
    peerDependencies:
      react: ^16.8.0 || ^17.0.0-rc.1 || ^18.0.0 || ^19.0.0-rc.1
      react-dom: ^16.8.0 || ^17.0.0-rc.1 || ^18.0.0 || ^19.0.0-rc.1

  '@react-aria/ssr@3.9.10':
    resolution: {integrity: sha512-hvTm77Pf+pMBhuBm760Li0BVIO38jv1IBws1xFm1NoL26PU+fe+FMW5+VZWyANR6nYL65joaJKZqOdTQMkO9IQ==}
    engines: {node: '>= 12'}
    peerDependencies:
      react: ^16.8.0 || ^17.0.0-rc.1 || ^18.0.0 || ^19.0.0-rc.1

  '@react-aria/utils@3.30.0':
    resolution: {integrity: sha512-ydA6y5G1+gbem3Va2nczj/0G0W7/jUVo/cbN10WA5IizzWIwMP5qhFr7macgbKfHMkZ+YZC3oXnt2NNre5odKw==}
    peerDependencies:
      react: ^16.8.0 || ^17.0.0-rc.1 || ^18.0.0 || ^19.0.0-rc.1
      react-dom: ^16.8.0 || ^17.0.0-rc.1 || ^18.0.0 || ^19.0.0-rc.1

  '@react-stately/flags@3.1.2':
    resolution: {integrity: sha512-2HjFcZx1MyQXoPqcBGALwWWmgFVUk2TuKVIQxCbRq7fPyWXIl6VHcakCLurdtYC2Iks7zizvz0Idv48MQ38DWg==}

  '@react-stately/utils@3.10.8':
    resolution: {integrity: sha512-SN3/h7SzRsusVQjQ4v10LaVsDc81jyyR0DD5HnsQitm/I5WDpaSr2nRHtyloPFU48jlql1XX/S04T2DLQM7Y3g==}
    peerDependencies:
      react: ^16.8.0 || ^17.0.0-rc.1 || ^18.0.0 || ^19.0.0-rc.1

  '@react-types/shared@3.31.0':
    resolution: {integrity: sha512-ua5U6V66gDcbLZe4P2QeyNgPp4YWD1ymGA6j3n+s8CGExtrCPe64v+g4mvpT8Bnb985R96e4zFT61+m0YCwqMg==}
    peerDependencies:
      react: ^16.8.0 || ^17.0.0-rc.1 || ^18.0.0 || ^19.0.0-rc.1

  '@swc/helpers@0.5.17':
    resolution: {integrity: sha512-5IKx/Y13RsYd+sauPb2x+U/xZikHjolzfuDgTAl/Tdf3Q8rslRvC19NKDLgAJQ6wsqADk10ntlv08nPFw/gO/A==}

  '@tanstack/react-virtual@3.13.12':
    resolution: {integrity: sha512-Gd13QdxPSukP8ZrkbgS2RwoZseTTbQPLnQEn7HY/rqtM+8Zt95f7xKC7N0EsKs7aoz0WzZ+fditZux+F8EzYxA==}
    peerDependencies:
      react: ^16.8.0 || ^17.0.0 || ^18.0.0 || ^19.0.0
      react-dom: ^16.8.0 || ^17.0.0 || ^18.0.0 || ^19.0.0

  '@tanstack/virtual-core@3.13.12':
    resolution: {integrity: sha512-1YBOJfRHV4sXUmWsFSf5rQor4Ss82G8dQWLRbnk3GA4jeP8hQt1hxXh0tmflpC0dz3VgEv/1+qwPyLeWkQuPFA==}

  autoprefixer@10.4.21:
    resolution: {integrity: sha512-O+A6LWV5LDHSJD3LjHYoNi4VLsj/Whi7k6zG12xTYaU4cQ8oxQGckXNX8cRHK5yOZ/ppVHe0ZBXGzSV9jXdVbQ==}
    engines: {node: ^10 || ^12 || >=14}
    hasBin: true
    peerDependencies:
      postcss: ^8.1.0

  browserslist@4.25.2:
    resolution: {integrity: sha512-0si2SJK3ooGzIawRu61ZdPCO1IncZwS8IzuX73sPZsXW6EQ/w/DAfPyKI8l1ETTCr2MnvqWitmlCUxgdul45jA==}
    engines: {node: ^6 || ^7 || ^8 || ^9 || ^10 || ^11 || ^12 || >=13.7}
    hasBin: true

  caniuse-lite@1.0.30001735:
    resolution: {integrity: sha512-EV/laoX7Wq2J9TQlyIXRxTJqIw4sxfXS4OYgudGxBYRuTv0q7AM6yMEpU/Vo1I94thg9U6EZ2NfZx9GJq83u7w==}

  clsx@2.1.1:
    resolution: {integrity: sha512-eYm0QWBtUrBWZWG0d386OGAw16Z995PiOVo2B7bjWSbHedGl5e0ZWaq65kOGgUSNesEIDkB9ISbTg/JK9dhCZA==}
    engines: {node: '>=6'}

  electron-to-chromium@1.5.201:
    resolution: {integrity: sha512-ZG65vsrLClodGqywuigc+7m0gr4ISoTQttfVh7nfpLv0M7SIwF4WbFNEOywcqTiujs12AUeeXbFyQieDICAIxg==}

  escalade@3.2.0:
    resolution: {integrity: sha512-WUj2qlxaQtO4g6Pq5c29GTcWGDyd8itL8zTlipgECz3JesAiiOKotd8JU6otB3PACgG6xkJUyVhboMS+bje/jA==}
    engines: {node: '>=6'}

  fraction.js@4.3.7:
    resolution: {integrity: sha512-ZsDfxO51wGAXREY55a7la9LScWpwv9RxIrYABrlvOFBlH/ShPnrtsXeuUIfXKKOVicNxQ+o8JTbJvjS4M89yew==}

  nanoid@3.3.11:
    resolution: {integrity: sha512-N8SpfPUnUp1bK+PMYW8qSWdl9U+wwNWI4QKxOYDy9JAro3WMX7p2OeVRF9v+347pnakNevPmiHhNmZ2HbFA76w==}
    engines: {node: ^10 || ^12 || ^13.7 || ^14 || >=15.0.1}
    hasBin: true

  node-releases@2.0.19:
    resolution: {integrity: sha512-xxOWJsBKtzAq7DY0J+DTzuz58K8e7sJbdgwkbMWQe8UYB6ekmsQ45q0M/tJDsGaZmbC+l7n57UV8Hl5tHxO9uw==}

  normalize-range@0.1.2:
    resolution: {integrity: sha512-bdok/XvKII3nUpklnV6P2hxtMNrCboOjAcyBuQnWEhO665FwrSNRxU+AqpsyvO6LgGYPspN+lu5CLtw4jPRKNA==}
    engines: {node: '>=0.10.0'}

  picocolors@1.1.1:
    resolution: {integrity: sha512-xceH2snhtb5M9liqDsmEw56le376mTZkEX/jEb/RxNFyegNul7eNslCXP9FDj/Lcu0X8KEyMceP2ntpaHrDEVA==}

  postcss-value-parser@4.2.0:
    resolution: {integrity: sha512-1NNCs6uurfkVbeXG4S8JFT9t19m45ICnif8zWLd5oPSZ50QnwMfK+H3jv408d4jw/7Bttv5axS5IiHoLaVNHeQ==}

  postcss@8.5.6:
    resolution: {integrity: sha512-3Ybi1tAuwAP9s0r1UQ2J4n5Y0G05bJkpUIO0/bI9MhwmD70S5aTWbXGBwxHrelT+XM1k6dM0pk+SwNkpTRN7Pg==}
    engines: {node: ^10 || ^12 || >=14}

  react-dom@19.1.1:
    resolution: {integrity: sha512-Dlq/5LAZgF0Gaz6yiqZCf6VCcZs1ghAJyrsu84Q/GT0gV+mCxbfmKNoGRKBYMJ8IEdGPqu49YWXD02GCknEDkw==}
    peerDependencies:
      react: ^19.1.1

  react@19.1.1:
    resolution: {integrity: sha512-w8nqGImo45dmMIfljjMwOGtbmC/mk4CMYhWIicdSflH91J9TyCyczcPFXJzrZ/ZXcgGRFeP6BU0BEJTw6tZdfQ==}
    engines: {node: '>=0.10.0'}

  scheduler@0.26.0:
    resolution: {integrity: sha512-NlHwttCI/l5gCPR3D1nNXtWABUmBwvZpEQiD4IXSbIDq8BzLIK/7Ir5gTFSGZDUu37K5cMNp0hFtzO38sC7gWA==}

  source-map-js@1.2.1:
    resolution: {integrity: sha512-UXWMKhLOwVKb728IUtQPXxfYU+usdybtUrK/8uGE8CQMvrhOpwvzDBwj0QhSL7MQc7vIsISBG8VQ8+IDQxpfQA==}
    engines: {node: '>=0.10.0'}

  tabbable@6.2.0:
    resolution: {integrity: sha512-Cat63mxsVJlzYvN51JmVXIgNoUokrIaT2zLclCXjRd8boZ0004U4KCs/sToJ75C6sdlByWxpYnb5Boif1VSFew==}

  tailwindcss@4.1.12:
    resolution: {integrity: sha512-DzFtxOi+7NsFf7DBtI3BJsynR+0Yp6etH+nRPTbpWnS2pZBaSksv/JGctNwSWzbFjp0vxSqknaUylseZqMDGrA==}

  tslib@2.8.1:
    resolution: {integrity: sha512-oJFu94HQb+KVduSUQL7wnpmqnfmLsOA/nAh6b6EH0wCEoK0/mPeXU6c3wKDV83MkOuHPRHtSXKKU99IBazS/2w==}

  update-browserslist-db@1.1.3:
    resolution: {integrity: sha512-UxhIZQ+QInVdunkDAaiazvvT/+fXL5Osr0JZlJulepYu6Jd7qJtDZjlur0emRlT71EN3ScPoE7gvsuIKKNavKw==}
    hasBin: true
    peerDependencies:
      browserslist: '>= 4.21.0'

  use-sync-external-store@1.5.0:
    resolution: {integrity: sha512-Rb46I4cGGVBmjamjphe8L/UnvJD+uPPtTkNvX5mZgqdbavhI4EbgIWJiIHXJ8bc/i9EQGPRh4DwEURJ552Do0A==}
    peerDependencies:
      react: ^16.8.0 || ^17.0.0 || ^18.0.0 || ^19.0.0

snapshots:

  '@floating-ui/core@1.7.3':
    dependencies:
      '@floating-ui/utils': 0.2.10

  '@floating-ui/dom@1.7.3':
    dependencies:
      '@floating-ui/core': 1.7.3
      '@floating-ui/utils': 0.2.10

  '@floating-ui/react-dom@2.1.5(react-dom@19.1.1(react@19.1.1))(react@19.1.1)':
    dependencies:
      '@floating-ui/dom': 1.7.3
      react: 19.1.1
      react-dom: 19.1.1(react@19.1.1)

  '@floating-ui/react@0.26.28(react-dom@19.1.1(react@19.1.1))(react@19.1.1)':
    dependencies:
      '@floating-ui/react-dom': 2.1.5(react-dom@19.1.1(react@19.1.1))(react@19.1.1)
      '@floating-ui/utils': 0.2.10
      react: 19.1.1
      react-dom: 19.1.1(react@19.1.1)
      tabbable: 6.2.0

  '@floating-ui/utils@0.2.10': {}

  '@headlessui/react@2.2.7(react-dom@19.1.1(react@19.1.1))(react@19.1.1)':
    dependencies:
      '@floating-ui/react': 0.26.28(react-dom@19.1.1(react@19.1.1))(react@19.1.1)
      '@react-aria/focus': 3.21.0(react-dom@19.1.1(react@19.1.1))(react@19.1.1)
      '@react-aria/interactions': 3.25.4(react-dom@19.1.1(react@19.1.1))(react@19.1.1)
      '@tanstack/react-virtual': 3.13.12(react-dom@19.1.1(react@19.1.1))(react@19.1.1)
      react: 19.1.1
      react-dom: 19.1.1(react@19.1.1)
      use-sync-external-store: 1.5.0(react@19.1.1)

  '@react-aria/focus@3.21.0(react-dom@19.1.1(react@19.1.1))(react@19.1.1)':
    dependencies:
      '@react-aria/interactions': 3.25.4(react-dom@19.1.1(react@19.1.1))(react@19.1.1)
      '@react-aria/utils': 3.30.0(react-dom@19.1.1(react@19.1.1))(react@19.1.1)
      '@react-types/shared': 3.31.0(react@19.1.1)
      '@swc/helpers': 0.5.17
      clsx: 2.1.1
      react: 19.1.1
      react-dom: 19.1.1(react@19.1.1)

  '@react-aria/interactions@3.25.4(react-dom@19.1.1(react@19.1.1))(react@19.1.1)':
    dependencies:
      '@react-aria/ssr': 3.9.10(react@19.1.1)
      '@react-aria/utils': 3.30.0(react-dom@19.1.1(react@19.1.1))(react@19.1.1)
      '@react-stately/flags': 3.1.2
      '@react-types/shared': 3.31.0(react@19.1.1)
      '@swc/helpers': 0.5.17
      react: 19.1.1
      react-dom: 19.1.1(react@19.1.1)

  '@react-aria/ssr@3.9.10(react@19.1.1)':
    dependencies:
      '@swc/helpers': 0.5.17
      react: 19.1.1

  '@react-aria/utils@3.30.0(react-dom@19.1.1(react@19.1.1))(react@19.1.1)':
    dependencies:
      '@react-aria/ssr': 3.9.10(react@19.1.1)
      '@react-stately/flags': 3.1.2
      '@react-stately/utils': 3.10.8(react@19.1.1)
      '@react-types/shared': 3.31.0(react@19.1.1)
      '@swc/helpers': 0.5.17
      clsx: 2.1.1
      react: 19.1.1
      react-dom: 19.1.1(react@19.1.1)

  '@react-stately/flags@3.1.2':
    dependencies:
      '@swc/helpers': 0.5.17

  '@react-stately/utils@3.10.8(react@19.1.1)':
    dependencies:
      '@swc/helpers': 0.5.17
      react: 19.1.1

  '@react-types/shared@3.31.0(react@19.1.1)':
    dependencies:
      react: 19.1.1

  '@swc/helpers@0.5.17':
    dependencies:
      tslib: 2.8.1

  '@tanstack/react-virtual@3.13.12(react-dom@19.1.1(react@19.1.1))(react@19.1.1)':
    dependencies:
      '@tanstack/virtual-core': 3.13.12
      react: 19.1.1
      react-dom: 19.1.1(react@19.1.1)

  '@tanstack/virtual-core@3.13.12': {}

  autoprefixer@10.4.21(postcss@8.5.6):
    dependencies:
      browserslist: 4.25.2
      caniuse-lite: 1.0.30001735
      fraction.js: 4.3.7
      normalize-range: 0.1.2
      picocolors: 1.1.1
      postcss: 8.5.6
      postcss-value-parser: 4.2.0

  browserslist@4.25.2:
    dependencies:
      caniuse-lite: 1.0.30001735
      electron-to-chromium: 1.5.201
      node-releases: 2.0.19
      update-browserslist-db: 1.1.3(browserslist@4.25.2)

  caniuse-lite@1.0.30001735: {}

  clsx@2.1.1: {}

  electron-to-chromium@1.5.201: {}

  escalade@3.2.0: {}

  fraction.js@4.3.7: {}

  nanoid@3.3.11: {}

  node-releases@2.0.19: {}

  normalize-range@0.1.2: {}

  picocolors@1.1.1: {}

  postcss-value-parser@4.2.0: {}

  postcss@8.5.6:
    dependencies:
      nanoid: 3.3.11
      picocolors: 1.1.1
      source-map-js: 1.2.1

  react-dom@19.1.1(react@19.1.1):
    dependencies:
      react: 19.1.1
      scheduler: 0.26.0

  react@19.1.1: {}

  scheduler@0.26.0: {}

  source-map-js@1.2.1: {}

  tabbable@6.2.0: {}

  tailwindcss@4.1.12: {}

  tslib@2.8.1: {}

  update-browserslist-db@1.1.3(browserslist@4.25.2):
    dependencies:
      browserslist: 4.25.2
      escalade: 3.2.0
      picocolors: 1.1.1

  use-sync-external-store@1.5.0(react@19.1.1):
    dependencies:
      react: 19.1.1
